
Microsoft Visual Studio Solution File, Format Version 12.00
# Visual Studio 15
VisualStudioVersion = 15.0.28307.852
MinimumVisualStudioVersion = 10.0.40219.1
Project("{8BC9CEB8-8B4A-11D0-8D11-00A0C91BC942}") = "HashingFunction", "HashingFunction\HashingFunction.vcxproj", "{631830DA-DE77-4D2A-B427-B9F345B26E17}"
EndProject
Global
	GlobalSection(SolutionConfigurationPlatforms) = preSolution
		Debug|x64 = Debug|x64
		Debug|x86 = Debug|x86
		Release|x64 = Release|x64
		Release|x86 = Release|x86
	EndGlobalSection
	GlobalSection(ProjectConfigurationPlatforms) = postSolution
		{631830DA-DE77-4D2A-B427-B9F345B26E17}.Debug|x64.ActiveCfg = Debug|x64
		{631830DA-DE77-4D2A-B427-B9F345B26E17}.Debug|x64.Build.0 = Debug|x64
		{631830DA-DE77-4D2A-B427-B9F345B26E17}.Debug|x86.ActiveCfg = Debug|Win32
		{631830DA-DE77-4D2A-B427-B9F345B26E17}.Debug|x86.Build.0 = Debug|Win32
		{631830DA-DE77-4D2A-B427-B9F345B26E17}.Release|x64.ActiveCfg = Release|x64
		{631830DA-DE77-4D2A-B427-B9F345B26E17}.Release|x64.Build.0 = Release|x64
		{631830DA-DE77-4D2A-B427-B9F345B26E17}.Release|x86.ActiveCfg = Release|Win32
		{631830DA-DE77-4D2A-B427-B9F345B26E17}.Release|x86.Build.0 = Release|Win32
	EndGlobalSection
	GlobalSection(SolutionProperties) = preSolution
		HideSolutionNode = FALSE
	EndGlobalSection
	GlobalSection(ExtensibilityGlobals) = postSolution
		SolutionGuid = {815482AF-DEA7-40A7-A703-D62AB900CC02}
	EndGlobalSection
EndGlobal
